
Microsoft Visual Studio Solution File, Format Version 12.00
# Visual Studio Version 17
VisualStudioVersion = 17.9.34414.90
MinimumVisualStudioVersion = 10.0.40219.1
Project("{8BC9CEB8-8B4A-11D0-8D11-00A0C91BC942}") = "jass_api", "jass_api.vcxproj", "{3DA992FA-48E6-4D2E-8FEF-7FD50482B77F}"
EndProject
Global
	GlobalSection(SolutionConfigurationPlatforms) = preSolution
		Debug|x64 = Debug|x64
		Debug|x86 = Debug|x86
		Release|x64 = Release|x64
		Release|x86 = Release|x86
	EndGlobalSection
	GlobalSection(ProjectConfigurationPlatforms) = postSolution
		{3DA992FA-48E6-4D2E-8FEF-7FD50482B77F}.Debug|x64.ActiveCfg = Debug|x64
		{3DA992FA-48E6-4D2E-8FEF-7FD50482B77F}.Debug|x64.Build.0 = Debug|x64
		{3DA992FA-48E6-4D2E-8FEF-7FD50482B77F}.Debug|x86.ActiveCfg = Debug|Win32
		{3DA992FA-48E6-4D2E-8FEF-7FD50482B77F}.Debug|x86.Build.0 = Debug|Win32
		{3DA992FA-48E6-4D2E-8FEF-7FD50482B77F}.Release|x64.ActiveCfg = Release|x64
		{3DA992FA-48E6-4D2E-8FEF-7FD50482B77F}.Release|x64.Build.0 = Release|x64
		{3DA992FA-48E6-4D2E-8FEF-7FD50482B77F}.Release|x86.ActiveCfg = Release|Win32
		{3DA992FA-48E6-4D2E-8FEF-7FD50482B77F}.Release|x86.Build.0 = Release|Win32
	EndGlobalSection
	GlobalSection(SolutionProperties) = preSolution
		HideSolutionNode = FALSE
	EndGlobalSection
	GlobalSection(ExtensibilityGlobals) = postSolution
		SolutionGuid = {07834060-8176-4D4C-9F1D-517BBE44D99F}
	EndGlobalSection
EndGlobal
